
Microsoft Visual Studio Solution File, Format Version 12.00
# Visual Studio Version 16
VisualStudioVersion = 16.0.31702.278
MinimumVisualStudioVersion = 10.0.40219.1
Project("{FAE04EC0-301F-11D3-BF4B-00C04F79EFBC}") = "Dnyana.BookStore", "Dnyana.BookStore\Dnyana.BookStore.csproj", "{9DA491D0-8B10-45F7-8C15-8E5953BCE621}"
EndProject
Global
	GlobalSection(SolutionConfigurationPlatforms) = preSolution
		Debug|Any CPU = Debug|Any CPU
		Release|Any CPU = Release|Any CPU
	EndGlobalSection
	GlobalSection(ProjectConfigurationPlatforms) = postSolution
		{9DA491D0-8B10-45F7-8C15-8E5953BCE621}.Debug|Any CPU.ActiveCfg = Debug|Any CPU
		{9DA491D0-8B10-45F7-8C15-8E5953BCE621}.Debug|Any CPU.Build.0 = Debug|Any CPU
		{9DA491D0-8B10-45F7-8C15-8E5953BCE621}.Release|Any CPU.ActiveCfg = Release|Any CPU
		{9DA491D0-8B10-45F7-8C15-8E5953BCE621}.Release|Any CPU.Build.0 = Release|Any CPU
	EndGlobalSection
	GlobalSection(SolutionProperties) = preSolution
		HideSolutionNode = FALSE
	EndGlobalSection
	GlobalSection(ExtensibilityGlobals) = postSolution
		SolutionGuid = {D54A0F03-7A81-4ABD-B188-155BEE598D6A}
	EndGlobalSection
EndGlobal
